// !$*UTF8*$!
{
	archiveVersion = 1;
	classes = {
	};
	objectVersion = 50;
	objects = {

/* Begin PBXBuildFile section */
		EF0E241A2157E1F500AB5989 /* AppDelegate.swift in Sources */ = {isa = PBXBuildFile; fileRef = EF0E24192157E1F500AB5989 /* AppDelegate.swift */; };
		EF0E241C2157E1F500AB5989 /* ViewController.swift in Sources */ = {isa = PBXBuildFile; fileRef = EF0E241B2157E1F500AB5989 /* ViewController.swift */; };
		EF0E241F2157E1F500AB5989 /* Main.storyboard in Resources */ = {isa = PBXBuildFile; fileRef = EF0E241D2157E1F500AB5989 /* Main.storyboard */; };
		EF0E24212157E1F800AB5989 /* Assets.xcassets in Resources */ = {isa = PBXBuildFile; fileRef = EF0E24202157E1F800AB5989 /* Assets.xcassets */; };
		EF0E24242157E1F800AB5989 /* LaunchScreen.storyboard in Resources */ = {isa = PBXBuildFile; fileRef = EF0E24222157E1F800AB5989 /* LaunchScreen.storyboard */; };
		EF0E242F2157E1F800AB5989 /* MadDemoProjectTests.swift in Sources */ = {isa = PBXBuildFile; fileRef = EF0E242E2157E1F800AB5989 /* MadDemoProjectTests.swift */; };
		EF0E243A2157E1F800AB5989 /* MadDemoProjectUITests.swift in Sources */ = {isa = PBXBuildFile; fileRef = EF0E24392157E1F800AB5989 /* MadDemoProjectUITests.swift */; };
/* End PBXBuildFile section */

/* Begin PBXContainerItemProxy section */
		EF0E242B2157E1F800AB5989 /* PBXContainerItemProxy */ = {
			isa = PBXContainerItemProxy;
			containerPortal = EF0E240E2157E1F500AB5989 /* Project object */;
			proxyType = 1;
			remoteGlobalIDString = EF0E24152157E1F500AB5989;
			remoteInfo = MadDemoProject;
		};
		EF0E24362157E1F800AB5989 /* PBXContainerItemProxy */ = {
			isa = PBXContainerItemProxy;
			containerPortal = EF0E240E2157E1F500AB5989 /* Project object */;
			proxyType = 1;
			remoteGlobalIDString = EF0E24152157E1F500AB5989;
			remoteInfo = MadDemoProject;
		};
/* End PBXContainerItemProxy section */

/* Begin PBXFileReference section */
		EF0E24162157E1F500AB5989 /* MadDemoProject.app */ = {isa = PBXFileReference; explicitFileType = wrapper.application; includeInIndex = 0; path = MadDemoProject.app; sourceTree = BUILT_PRODUCTS_DIR; };
		EF0E24192157E1F500AB5989 /* AppDelegate.swift */ = {isa = PBXFileReference; lastKnownFileType = sourcecode.swift; path = AppDelegate.swift; sourceTree = "<group>"; };
		EF0E241B2157E1F500AB5989 /* ViewController.swift */ = {isa = PBXFileReference; lastKnownFileType = sourcecode.swift; path = ViewController.swift; sourceTree = "<group>"; };
		EF0E241E2157E1F500AB5989 /* Base */ = {isa = PBXFileReference; lastKnownFileType = file.storyboard; name = Base; path = Base.lproj/Main.storyboard; sourceTree = "<group>"; };
		EF0E24202157E1F800AB5989 /* Assets.xcassets */ = {isa = PBXFileReference; lastKnownFileType = folder.assetcatalog; path = Assets.xcassets; sourceTree = "<group>"; };
		EF0E24232157E1F800AB5989 /* Base */ = {isa = PBXFileReference; lastKnownFileType = file.storyboard; name = Base; path = Base.lproj/LaunchScreen.storyboard; sourceTree = "<group>"; };
		EF0E24252157E1F800AB5989 /* Info.plist */ = {isa = PBXFileReference; lastKnownFileType = text.plist.xml; path = Info.plist; sourceTree = "<group>"; };
		EF0E242A2157E1F800AB5989 /* MadDemoProjectTests.xctest */ = {isa = PBXFileReference; explicitFileType = wrapper.cfbundle; includeInIndex = 0; path = MadDemoProjectTests.xctest; sourceTree = BUILT_PRODUCTS_DIR; };
		EF0E242E2157E1F800AB5989 /* MadDemoProjectTests.swift */ = {isa = PBXFileReference; lastKnownFileType = sourcecode.swift; path = MadDemoProjectTests.swift; sourceTree = "<group>"; };
		EF0E24302157E1F800AB5989 /* Info.plist */ = {isa = PBXFileReference; lastKnownFileType = text.plist.xml; path = Info.plist; sourceTree = "<group>"; };
		EF0E24352157E1F800AB5989 /* MadDemoProjectUITests.xctest */ = {isa = PBXFileReference; explicitFileType = wrapper.cfbundle; includeInIndex = 0; path = MadDemoProjectUITests.xctest; sourceTree = BUILT_PRODUCTS_DIR; };
		EF0E24392157E1F800AB5989 /* MadDemoProjectUITests.swift */ = {isa = PBXFileReference; lastKnownFileType = sourcecode.swift; path = MadDemoProjectUITests.swift; sourceTree = "<group>"; };
		EF0E243B2157E1F800AB5989 /* Info.plist */ = {isa = PBXFileReference; lastKnownFileType = text.plist.xml; path = Info.plist; sourceTree = "<group>"; };
/* End PBXFileReference section */

/* Begin PBXFrameworksBuildPhase section */
		EF0E24132157E1F500AB5989 /* Frameworks */ = {
			isa = PBXFrameworksBuildPhase;
			buildActionMask = 2147483647;
			files = (
			);
			runOnlyForDeploymentPostprocessing = 0;
		};
		EF0E24272157E1F800AB5989 /* Frameworks */ = {
			isa = PBXFrameworksBuildPhase;
			buildActionMask = 2147483647;
			files = (
			);
			runOnlyForDeploymentPostprocessing = 0;
		};
		EF0E24322157E1F800AB5989 /* Frameworks */ = {
			isa = PBXFrameworksBuildPhase;
			buildActionMask = 2147483647;
			files = (
			);
			runOnlyForDeploymentPostprocessing = 0;
		};
/* End PBXFrameworksBuildPhase section */

/* Begin PBXGroup section */
		EF0E240D2157E1F500AB5989 = {
			isa = PBXGroup;
			children = (
				EF0E24182157E1F500AB5989 /* MadDemoProject */,
				EF0E242D2157E1F800AB5989 /* MadDemoProjectTests */,
				EF0E24382157E1F800AB5989 /* MadDemoProjectUITests */,
				EF0E24172157E1F500AB5989 /* Products */,
			);
			sourceTree = "<group>";
		};
		EF0E24172157E1F500AB5989 /* Products */ = {
			isa = PBXGroup;
			children = (
				EF0E24162157E1F500AB5989 /* MadDemoProject.app */,
				EF0E242A2157E1F800AB5989 /* MadDemoProjectTests.xctest */,
				EF0E24352157E1F800AB5989 /* MadDemoProjectUITests.xctest */,
			);
			name = Products;
			sourceTree = "<group>";
		};
		EF0E24182157E1F500AB5989 /* MadDemoProject */ = {
			isa = PBXGroup;
			children = (
				EF0E24192157E1F500AB5989 /* AppDelegate.swift */,
				EF0E241B2157E1F500AB5989 /* ViewController.swift */,
				EF0E241D2157E1F500AB5989 /* Main.storyboard */,
				EF0E24202157E1F800AB5989 /* Assets.xcassets */,
				EF0E24222157E1F800AB5989 /* LaunchScreen.storyboard */,
				EF0E24252157E1F800AB5989 /* Info.plist */,
			);
			path = MadDemoProject;
			sourceTree = "<group>";
		};
		EF0E242D2157E1F800AB5989 /* MadDemoProjectTests */ = {
			isa = PBXGroup;
			children = (
				EF0E242E2157E1F800AB5989 /* MadDemoProjectTests.swift */,
				EF0E24302157E1F800AB5989 /* Info.plist */,
			);
			path = MadDemoProjectTests;
			sourceTree = "<group>";
		};
		EF0E24382157E1F800AB5989 /* MadDemoProjectUITests */ = {
			isa = PBXGroup;
			children = (
				EF0E24392157E1F800AB5989 /* MadDemoProjectUITests.swift */,
				EF0E243B2157E1F800AB5989 /* Info.plist */,
			);
			path = MadDemoProjectUITests;
			sourceTree = "<group>";
		};
/* End PBXGroup section */

/* Begin PBXNativeTarget section */
		EF0E24152157E1F500AB5989 /* MadDemoProject */ = {
			isa = PBXNativeTarget;
			buildConfigurationList = EF0E243E2157E1F800AB5989 /* Build configuration list for PBXNativeTarget "MadDemoProject" */;
			buildPhases = (
				EF0E24122157E1F500AB5989 /* Sources */,
				EF0E24132157E1F500AB5989 /* Frameworks */,
				EF0E24142157E1F500AB5989 /* Resources */,
			);
			buildRules = (
			);
			dependencies = (
			);
			name = MadDemoProject;
			productName = MadDemoProject;
			productReference = EF0E24162157E1F500AB5989 /* MadDemoProject.app */;
			productType = "com.apple.product-type.application";
		};
		EF0E24292157E1F800AB5989 /* MadDemoProjectTests */ = {
			isa = PBXNativeTarget;
			buildConfigurationList = EF0E24412157E1F800AB5989 /* Build configuration list for PBXNativeTarget "MadDemoProjectTests" */;
			buildPhases = (
				EF0E24262157E1F800AB5989 /* Sources */,
				EF0E24272157E1F800AB5989 /* Frameworks */,
				EF0E24282157E1F800AB5989 /* Resources */,
			);
			buildRules = (
			);
			dependencies = (
				EF0E242C2157E1F800AB5989 /* PBXTargetDependency */,
			);
			name = MadDemoProjectTests;
			productName = MadDemoProjectTests;
			productReference = EF0E242A2157E1F800AB5989 /* MadDemoProjectTests.xctest */;
			productType = "com.apple.product-type.bundle.unit-test";
		};
		EF0E24342157E1F800AB5989 /* MadDemoProjectUITests */ = {
			isa = PBXNativeTarget;
			buildConfigurationList = EF0E24442157E1F800AB5989 /* Build configuration list for PBXNativeTarget "MadDemoProjectUITests" */;
			buildPhases = (
				EF0E24312157E1F800AB5989 /* Sources */,
				EF0E24322157E1F800AB5989 /* Frameworks */,
				EF0E24332157E1F800AB5989 /* Resources */,
			);
			buildRules = (
			);
			dependencies = (
				EF0E24372157E1F800AB5989 /* PBXTargetDependency */,
			);
			name = MadDemoProjectUITests;
			productName = MadDemoProjectUITests;
			productReference = EF0E24352157E1F800AB5989 /* MadDemoProjectUITests.xctest */;
			productType = "com.apple.product-type.bundle.ui-testing";
		};
/* End PBXNativeTarget section */

/* Begin PBXProject section */
		EF0E240E2157E1F500AB5989 /* Project object */ = {
			isa = PBXProject;
			attributes = {
				LastSwiftUpdateCheck = 0940;
				LastUpgradeCheck = 0940;
				ORGANIZATIONNAME = "a&t";
				TargetAttributes = {
					EF0E24152157E1F500AB5989 = {
						CreatedOnToolsVersion = 9.4.1;
					};
					EF0E24292157E1F800AB5989 = {
						CreatedOnToolsVersion = 9.4.1;
						TestTargetID = EF0E24152157E1F500AB5989;
					};
					EF0E24342157E1F800AB5989 = {
						CreatedOnToolsVersion = 9.4.1;
						TestTargetID = EF0E24152157E1F500AB5989;
					};
				};
			};
			buildConfigurationList = EF0E24112157E1F500AB5989 /* Build configuration list for PBXProject "MadDemoProject" */;
			compatibilityVersion = "Xcode 9.3";
			developmentRegion = en;
			hasScannedForEncodings = 0;
			knownRegions = (
				en,
				Base,
			);
			mainGroup = EF0E240D2157E1F500AB5989;
			productRefGroup = EF0E24172157E1F500AB5989 /* Products */;
			projectDirPath = "";
			projectRoot = "";
			targets = (
				EF0E24152157E1F500AB5989 /* MadDemoProject */,
				EF0E24292157E1F800AB5989 /* MadDemoProjectTests */,
				EF0E24342157E1F800AB5989 /* MadDemoProjectUITests */,
			);
		};
/* End PBXProject section */

/* Begin PBXResourcesBuildPhase section */
		EF0E24142157E1F500AB5989 /* Resources */ = {
			isa = PBXResourcesBuildPhase;
			buildActionMask = 2147483647;
			files = (
				EF0E24242157E1F800AB5989 /* LaunchScreen.storyboard in Resources */,
				EF0E24212157E1F800AB5989 /* Assets.xcassets in Resources */,
				EF0E241F2157E1F500AB5989 /* Main.storyboard in Resources */,
			);
			runOnlyForDeploymentPostprocessing = 0;
		};
		EF0E24282157E1F800AB5989 /* Resources */ = {
			isa = PBXResourcesBuildPhase;
			buildActionMask = 2147483647;
			files = (
			);
			runOnlyForDeploymentPostprocessing = 0;
		};
		EF0E24332157E1F800AB5989 /* Resources */ = {
			isa = PBXResourcesBuildPhase;
			buildActionMask = 2147483647;
			files = (
			);
			runOnlyForDeploymentPostprocessing = 0;
		};
/* End PBXResourcesBuildPhase section */

/* Begin PBXSourcesBuildPhase section */
		EF0E24122157E1F500AB5989 /* Sources */ = {
			isa = PBXSourcesBuildPhase;
			buildActionMask = 2147483647;
			files = (
				EF0E241C2157E1F500AB5989 /* ViewController.swift in Sources */,
				EF0E241A2157E1F500AB5989 /* AppDelegate.swift in Sources */,
			);
			runOnlyForDeploymentPostprocessing = 0;
		};
		EF0E24262157E1F800AB5989 /* Sources */ = {
			isa = PBXSourcesBuildPhase;
			buildActionMask = 2147483647;
			files = (
				EF0E242F2157E1F800AB5989 /* MadDemoProjectTests.swift in Sources */,
			);
			runOnlyForDeploymentPostprocessing = 0;
		};
		EF0E24312157E1F800AB5989 /* Sources */ = {
			isa = PBXSourcesBuildPhase;
			buildActionMask = 2147483647;
			files = (
				EF0E243A2157E1F800AB5989 /* MadDemoProjectUITests.swift in Sources */,
			);
			runOnlyForDeploymentPostprocessing = 0;
		};
/* End PBXSourcesBuildPhase section */

/* Begin PBXTargetDependency section */
		EF0E242C2157E1F800AB5989 /* PBXTargetDependency */ = {
			isa = PBXTargetDependency;
			target = EF0E24152157E1F500AB5989 /* MadDemoProject */;
			targetProxy = EF0E242B2157E1F800AB5989 /* PBXContainerItemProxy */;
		};
		EF0E24372157E1F800AB5989 /* PBXTargetDependency */ = {
			isa = PBXTargetDependency;
			target = EF0E24152157E1F500AB5989 /* MadDemoProject */;
			targetProxy = EF0E24362157E1F800AB5989 /* PBXContainerItemProxy */;
		};
/* End PBXTargetDependency section */

/* Begin PBXVariantGroup section */
		EF0E241D2157E1F500AB5989 /* Main.storyboard */ = {
			isa = PBXVariantGroup;
			children = (
				EF0E241E2157E1F500AB5989 /* Base */,
			);
			name = Main.storyboard;
			sourceTree = "<group>";
		};
		EF0E24222157E1F800AB5989 /* LaunchScreen.storyboard */ = {
			isa = PBXVariantGroup;
			children = (
				EF0E24232157E1F800AB5989 /* Base */,
			);
			name = LaunchScreen.storyboard;
			sourceTree = "<group>";
		};
/* End PBXVariantGroup section */

/* Begin XCBuildConfiguration section */
		EF0E243C2157E1F800AB5989 /* Debug */ = {
			isa = XCBuildConfiguration;
			buildSettings = {
				ALWAYS_SEARCH_USER_PATHS = NO;
				CLANG_ANALYZER_NONNULL = YES;
				CLANG_ANALYZER_NUMBER_OBJECT_CONVERSION = YES_AGGRESSIVE;
				CLANG_CXX_LANGUAGE_STANDARD = "gnu++14";
				CLANG_CXX_LIBRARY = "libc++";
				CLANG_ENABLE_MODULES = YES;
				CLANG_ENABLE_OBJC_ARC = YES;
				CLANG_ENABLE_OBJC_WEAK = YES;
				CLANG_WARN_BLOCK_CAPTURE_AUTORELEASING = YES;
				CLANG_WARN_BOOL_CONVERSION = YES;
				CLANG_WARN_COMMA = YES;
				CLANG_WARN_CONSTANT_CONVERSION = YES;
				CLANG_WARN_DEPRECATED_OBJC_IMPLEMENTATIONS = YES;
				CLANG_WARN_DIRECT_OBJC_ISA_USAGE = YES_ERROR;
				CLANG_WARN_DOCUMENTATION_COMMENTS = YES;
				CLANG_WARN_EMPTY_BODY = YES;
				CLANG_WARN_ENUM_CONVERSION = YES;
				CLANG_WARN_INFINITE_RECURSION = YES;
				CLANG_WARN_INT_CONVERSION = YES;
				CLANG_WARN_NON_LITERAL_NULL_CONVERSION = YES;
				CLANG_WARN_OBJC_IMPLICIT_RETAIN_SELF = YES;
				CLANG_WARN_OBJC_LITERAL_CONVERSION = YES;
				CLANG_WARN_OBJC_ROOT_CLASS = YES_ERROR;
				CLANG_WARN_RANGE_LOOP_ANALYSIS = YES;
				CLANG_WARN_STRICT_PROTOTYPES = YES;
				CLANG_WARN_SUSPICIOUS_MOVE = YES;
				CLANG_WARN_UNGUARDED_AVAILABILITY = YES_AGGRESSIVE;
				CLANG_WARN_UNREACHABLE_CODE = YES;
				CLANG_WARN__DUPLICATE_METHOD_MATCH = YES;
				CODE_SIGN_IDENTITY = "iPhone Developer";
				COPY_PHASE_STRIP = NO;
				DEBUG_INFORMATION_FORMAT = dwarf;
				ENABLE_STRICT_OBJC_MSGSEND = YES;
				ENABLE_TESTABILITY = YES;
				GCC_C_LANGUAGE_STANDARD = gnu11;
				GCC_DYNAMIC_NO_PIC = NO;
				GCC_NO_COMMON_BLOCKS = YES;
				GCC_OPTIMIZATION_LEVEL = 0;
				GCC_PREPROCESSOR_DEFINITIONS = (
					"DEBUG=1",
					"$(inherited)",
				);
				GCC_WARN_64_TO_32_BIT_CONVERSION = YES;
				GCC_WARN_ABOUT_RETURN_TYPE = YES_ERROR;
				GCC_WARN_UNDECLARED_SELECTOR = YES;
				GCC_WARN_UNINITIALIZED_AUTOS = YES_AGGRESSIVE;
				GCC_WARN_UNUSED_FUNCTION = YES;
				GCC_WARN_UNUSED_VARIABLE = YES;
				IPHONEOS_DEPLOYMENT_TARGET = 11.4;
				MTL_ENABLE_DEBUG_INFO = YES;
				ONLY_ACTIVE_ARCH = YES;
				SDKROOT = iphoneos;
				SWIFT_ACTIVE_COMPILATION_CONDITIONS = DEBUG;
				SWIFT_OPTIMIZATION_LEVEL = "-Onone";
			};
			name = Debug;
		};
		EF0E243D2157E1F800AB5989 /* Release */ = {
			isa = XCBuildConfiguration;
			buildSettings = {
				ALWAYS_SEARCH_USER_PATHS = NO;
				CLANG_ANALYZER_NONNULL = YES;
				CLANG_ANALYZER_NUMBER_OBJECT_CONVERSION = YES_AGGRESSIVE;
				CLANG_CXX_LANGUAGE_STANDARD = "gnu++14";
				CLANG_CXX_LIBRARY = "libc++";
				CLANG_ENABLE_MODULES = YES;
				CLANG_ENABLE_OBJC_ARC = YES;
				CLANG_ENABLE_OBJC_WEAK = YES;
				CLANG_WARN_BLOCK_CAPTURE_AUTORELEASING = YES;
				CLANG_WARN_BOOL_CONVERSION = YES;
				CLANG_WARN_COMMA = YES;
				CLANG_WARN_CONSTANT_CONVERSION = YES;
				CLANG_WARN_DEPRECATED_OBJC_IMPLEMENTATIONS = YES;
				CLANG_WARN_DIRECT_OBJC_ISA_USAGE = YES_ERROR;
				CLANG_WARN_DOCUMENTATION_COMMENTS = YES;
				CLANG_WARN_EMPTY_BODY = YES;
				CLANG_WARN_ENUM_CONVERSION = YES;
				CLANG_WARN_INFINITE_RECURSION = YES;
				CLANG_WARN_INT_CONVERSION = YES;
				CLANG_WARN_NON_LITERAL_NULL_CONVERSION = YES;
				CLANG_WARN_OBJC_IMPLICIT_RETAIN_SELF = YES;
				CLANG_WARN_OBJC_LITERAL_CONVERSION = YES;
				CLANG_WARN_OBJC_ROOT_CLASS = YES_ERROR;
				CLANG_WARN_RANGE_LOOP_ANALYSIS = YES;
				CLANG_WARN_STRICT_PROTOTYPES = YES;
				CLANG_WARN_SUSPICIOUS_MOVE = YES;
				CLANG_WARN_UNGUARDED_AVAILABILITY = YES_AGGRESSIVE;
				CLANG_WARN_UNREACHABLE_CODE = YES;
				CLANG_WARN__DUPLICATE_METHOD_MATCH = YES;
				CODE_SIGN_IDENTITY = "iPhone Developer";
				COPY_PHASE_STRIP = NO;
				DEBUG_INFORMATION_FORMAT = "dwarf-with-dsym";
				ENABLE_NS_ASSERTIONS = NO;
				ENABLE_STRICT_OBJC_MSGSEND = YES;
				GCC_C_LANGUAGE_STANDARD = gnu11;
				GCC_NO_COMMON_BLOCKS = YES;
				GCC_WARN_64_TO_32_BIT_CONVERSION = YES;
				GCC_WARN_ABOUT_RETURN_TYPE = YES_ERROR;
				GCC_WARN_UNDECLARED_SELECTOR = YES;
				GCC_WARN_UNINITIALIZED_AUTOS = YES_AGGRESSIVE;
				GCC_WARN_UNUSED_FUNCTION = YES;
				GCC_WARN_UNUSED_VARIABLE = YES;
				IPHONEOS_DEPLOYMENT_TARGET = 11.4;
				MTL_ENABLE_DEBUG_INFO = NO;
				SDKROOT = iphoneos;
				SWIFT_COMPILATION_MODE = wholemodule;
				SWIFT_OPTIMIZATION_LEVEL = "-O";
				VALIDATE_PRODUCT = YES;
			};
			name = Release;
		};
		EF0E243F2157E1F800AB5989 /* Debug */ = {
			isa = XCBuildConfiguration;
			buildSettings = {
				ASSETCATALOG_COMPILER_APPICON_NAME = AppIcon;
				CODE_SIGN_STYLE = Automatic;
				INFOPLIST_FILE = MadDemoProject/Info.plist;
				LD_RUNPATH_SEARCH_PATHS = (
					"$(inherited)",
					"@executable_path/Frameworks",
				);
				PRODUCT_BUNDLE_IDENTIFIER = com.thandiwe.MadDemoProject;
				PRODUCT_NAME = "$(TARGET_NAME)";
				SWIFT_VERSION = 4.0;
				TARGETED_DEVICE_FAMILY = "1,2";
			};
			name = Debug;
		};
		EF0E24402157E1F800AB5989 /* Release */ = {
			isa = XCBuildConfiguration;
			buildSettings = {
				ASSETCATALOG_COMPILER_APPICON_NAME = AppIcon;
				CODE_SIGN_STYLE = Automatic;
				INFOPLIST_FILE = MadDemoProject/Info.plist;
				LD_RUNPATH_SEARCH_PATHS = (
					"$(inherited)",
					"@executable_path/Frameworks",
				);
				PRODUCT_BUNDLE_IDENTIFIER = com.thandiwe.MadDemoProject;
				PRODUCT_NAME = "$(TARGET_NAME)";
				SWIFT_VERSION = 4.0;
				TARGETED_DEVICE_FAMILY = "1,2";
			};
			name = Release;
		};
		EF0E24422157E1F800AB5989 /* Debug */ = {
			isa = XCBuildConfiguration;
			buildSettings = {
				ALWAYS_EMBED_SWIFT_STANDARD_LIBRARIES = YES;
				BUNDLE_LOADER = "$(TEST_HOST)";
				CODE_SIGN_STYLE = Automatic;
				INFOPLIST_FILE = MadDemoProjectTests/Info.plist;
				LD_RUNPATH_SEARCH_PATHS = (
					"$(inherited)",
					"@executable_path/Frameworks",
					"@loader_path/Frameworks",
				);
				PRODUCT_BUNDLE_IDENTIFIER = com.thandiwe.MadDemoProjectTests;
				PRODUCT_NAME = "$(TARGET_NAME)";
				SWIFT_VERSION = 4.0;
				TARGETED_DEVICE_FAMILY = "1,2";
				TEST_HOST = "$(BUILT_PRODUCTS_DIR)/MadDemoProject.app/MadDemoProject";
			};
			name = Debug;
		};
		EF0E24432157E1F800AB5989 /* Release */ = {
			isa = XCBuildConfiguration;
			buildSettings = {
				ALWAYS_EMBED_SWIFT_STANDARD_LIBRARIES = YES;
				BUNDLE_LOADER = "$(TEST_HOST)";
				CODE_SIGN_STYLE = Automatic;
				INFOPLIST_FILE = MadDemoProjectTests/Info.plist;
				LD_RUNPATH_SEARCH_PATHS = (
					"$(inherited)",
					"@executable_path/Frameworks",
					"@loader_path/Frameworks",
				);
				PRODUCT_BUNDLE_IDENTIFIER = com.thandiwe.MadDemoProjectTests;
				PRODUCT_NAME = "$(TARGET_NAME)";
				SWIFT_VERSION = 4.0;
				TARGETED_DEVICE_FAMILY = "1,2";
				TEST_HOST = "$(BUILT_PRODUCTS_DIR)/MadDemoProject.app/MadDemoProject";
			};
			name = Release;
		};
		EF0E24452157E1F800AB5989 /* Debug */ = {
			isa = XCBuildConfiguration;
			buildSettings = {
				ALWAYS_EMBED_SWIFT_STANDARD_LIBRARIES = YES;
				CODE_SIGN_STYLE = Automatic;
				INFOPLIST_FILE = MadDemoProjectUITests/Info.plist;
				LD_RUNPATH_SEARCH_PATHS = (
					"$(inherited)",
					"@executable_path/Frameworks",
					"@loader_path/Frameworks",
				);
				PRODUCT_BUNDLE_IDENTIFIER = com.thandiwe.MadDemoProjectUITests;
				PRODUCT_NAME = "$(TARGET_NAME)";
				SWIFT_VERSION = 4.0;
				TARGETED_DEVICE_FAMILY = "1,2";
				TEST_TARGET_NAME = MadDemoProject;
			};
			name = Debug;
		};
		EF0E24462157E1F800AB5989 /* Release */ = {
			isa = XCBuildConfiguration;
			buildSettings = {
				ALWAYS_EMBED_SWIFT_STANDARD_LIBRARIES = YES;
				CODE_SIGN_STYLE = Automatic;
				INFOPLIST_FILE = MadDemoProjectUITests/Info.plist;
				LD_RUNPATH_SEARCH_PATHS = (
					"$(inherited)",
					"@executable_path/Frameworks",
					"@loader_path/Frameworks",
				);
				PRODUCT_BUNDLE_IDENTIFIER = com.thandiwe.MadDemoProjectUITests;
				PRODUCT_NAME = "$(TARGET_NAME)";
				SWIFT_VERSION = 4.0;
				TARGETED_DEVICE_FAMILY = "1,2";
				TEST_TARGET_NAME = MadDemoProject;
			};
			name = Release;
		};
/* End XCBuildConfiguration section */

/* Begin XCConfigurationList section */
		EF0E24112157E1F500AB5989 /* Build configuration list for PBXProject "MadDemoProject" */ = {
			isa = XCConfigurationList;
			buildConfigurations = (
				EF0E243C2157E1F800AB5989 /* Debug */,
				EF0E243D2157E1F800AB5989 /* Release */,
			);
			defaultConfigurationIsVisible = 0;
			defaultConfigurationName = Release;
		};
		EF0E243E2157E1F800AB5989 /* Build configuration list for PBXNativeTarget "MadDemoProject" */ = {
			isa = XCConfigurationList;
			buildConfigurations = (
				EF0E243F2157E1F800AB5989 /* Debug */,
				EF0E24402157E1F800AB5989 /* Release */,
			);
			defaultConfigurationIsVisible = 0;
			defaultConfigurationName = Release;
		};
		EF0E24412157E1F800AB5989 /* Build configuration list for PBXNativeTarget "MadDemoProjectTests" */ = {
			isa = XCConfigurationList;
			buildConfigurations = (
				EF0E24422157E1F800AB5989 /* Debug */,
				EF0E24432157E1F800AB5989 /* Release */,
			);
			defaultConfigurationIsVisible = 0;
			defaultConfigurationName = Release;
		};
		EF0E24442157E1F800AB5989 /* Build configuration list for PBXNativeTarget "MadDemoProjectUITests" */ = {
			isa = XCConfigurationList;
			buildConfigurations = (
				EF0E24452157E1F800AB5989 /* Debug */,
				EF0E24462157E1F800AB5989 /* Release */,
			);
			defaultConfigurationIsVisible = 0;
			defaultConfigurationName = Release;
		};
/* End XCConfigurationList section */
	};
	rootObject = EF0E240E2157E1F500AB5989 /* Project object */;
}
